Microsoft Visual Studio Solution File, Format Version 12.00
# Visual Studio Version 17
VisualStudioVersion = 17.10.34825.169
MinimumVisualStudioVersion = 10.0.40219.1
Project("{9A19103F-16F7-4668-BE54-9A1E7A4F7556}") = "Files.Bot.FormatXAML", "src\Files.Bot.FormatXAML\Files.Bot.FormatXAML.csproj", "{74ED3231-A426-4162-8A12-CC8F197FD0CB}"
EndProject
Global
	GlobalSection(ExtensibilityGlobals) = postSolution
		SolutionGuid = {8B4C673A-B946-4F5B-B73D-3B2AE645F607}
	EndGlobalSection
	GlobalSection(ProjectConfigurationPlatforms) = postSolution
		{74ED3231-A426-4162-8A12-CC8F197FD0CB}.Debug|Any CPU.ActiveCfg = Debug|Any CPU
		{74ED3231-A426-4162-8A12-CC8F197FD0CB}.Debug|Any CPU.Build.0 = Debug|Any CPU
		{74ED3231-A426-4162-8A12-CC8F197FD0CB}.Release|Any CPU.ActiveCfg = Release|Any CPU
		{74ED3231-A426-4162-8A12-CC8F197FD0CB}.Release|Any CPU.Build.0 = Release|Any CPU
	EndGlobalSection
	GlobalSection(SolutionConfigurationPlatforms) = preSolution
		Debug|Any CPU = Debug|Any CPU
		Release|Any CPU = Release|Any CPU
	EndGlobalSection
	GlobalSection(SolutionProperties) = preSolution
		HideSolutionNode = FALSE
	EndGlobalSection
EndGlobal
